
Microsoft Visual Studio Solution File, Format Version 12.00
# Visual Studio Version 16
VisualStudioVersion = 16.0.29613.14
MinimumVisualStudioVersion = 10.0.40219.1
Project("{9A19103F-16F7-4668-BE54-9A1E7A4F7556}") = "Api", "src\Api\Api.csproj", "{7DF910BE-7865-40D3-92A6-5F4CB77008B0}"
EndProject
Project("{9A19103F-16F7-4668-BE54-9A1E7A4F7556}") = "Api.Contract", "src\Api.Contract\Api.Contract.csproj", "{E7B1D9AB-7D9E-4BEB-8A43-487AB97029BB}"
EndProject
Project("{9A19103F-16F7-4668-BE54-9A1E7A4F7556}") = "Common", "src\Common\Common.csproj", "{26C292B9-B83E-4F5A-ADBE-CC1F3186A41E}"
EndProject
Project("{9A19103F-16F7-4668-BE54-9A1E7A4F7556}") = "Core", "src\Core\Core.csproj", "{9417AB43-0148-4205-8516-1C79F419EC1C}"
EndProject
Project("{9A19103F-16F7-4668-BE54-9A1E7A4F7556}") = "DataAccess", "src\DataAccess\DataAccess.csproj", "{9FCC0937-9B87-45CE-9B59-9D067461FAF4}"
EndProject
Project("{9A19103F-16F7-4668-BE54-9A1E7A4F7556}") = "Service", "src\Service\Service.csproj", "{6E23E342-B917-407E-9C48-D0545A5004DC}"
EndProject
Project("{9A19103F-16F7-4668-BE54-9A1E7A4F7556}") = "Service.Contract", "src\Service.Contract\Service.Contract.csproj", "{D8C1CE19-0AD6-408B-B500-E02CF126A392}"
EndProject
Project("{9A19103F-16F7-4668-BE54-9A1E7A4F7556}") = "Service.Templates.Razor", "src\Service.Templates.Razor\Service.Templates.Razor.csproj", "{2F801F5E-7CDE-4853-8F6C-C5C3710B333C}"
EndProject
Project("{9A19103F-16F7-4668-BE54-9A1E7A4F7556}") = "UI.AspNetCore", "src\UI.AspNetCore\UI.AspNetCore.csproj", "{D43DDB88-EC01-43EC-8468-DA706A9BA120}"
EndProject
Project("{2150E333-8FDC-42A3-9474-1A3956D46DE8}") = "Build", "Build", "{30850E6A-794D-4B2D-9B0C-3E88EDCBE887}"
	ProjectSection(SolutionItems) = preProject
		src\Directory.Build.props = src\Directory.Build.props
	EndProjectSection
EndProject
Project("{2150E333-8FDC-42A3-9474-1A3956D46DE8}") = "Global", "Global", "{F24A360D-9C95-4A32-8017-D6AA5047A2B1}"
	ProjectSection(SolutionItems) = preProject
		Directory.Build.props = Directory.Build.props
	EndProjectSection
EndProject
Global
	GlobalSection(SolutionConfigurationPlatforms) = preSolution
		Debug|Any CPU = Debug|Any CPU
		Release|Any CPU = Release|Any CPU
	EndGlobalSection
	GlobalSection(ProjectConfigurationPlatforms) = postSolution
		{7DF910BE-7865-40D3-92A6-5F4CB77008B0}.Debug|Any CPU.ActiveCfg = Debug|Any CPU
		{7DF910BE-7865-40D3-92A6-5F4CB77008B0}.Debug|Any CPU.Build.0 = Debug|Any CPU
		{7DF910BE-7865-40D3-92A6-5F4CB77008B0}.Release|Any CPU.ActiveCfg = Release|Any CPU
		{7DF910BE-7865-40D3-92A6-5F4CB77008B0}.Release|Any CPU.Build.0 = Release|Any CPU
		{E7B1D9AB-7D9E-4BEB-8A43-487AB97029BB}.Debug|Any CPU.ActiveCfg = Debug|Any CPU
		{E7B1D9AB-7D9E-4BEB-8A43-487AB97029BB}.Debug|Any CPU.Build.0 = Debug|Any CPU
		{E7B1D9AB-7D9E-4BEB-8A43-487AB97029BB}.Release|Any CPU.ActiveCfg = Release|Any CPU
		{E7B1D9AB-7D9E-4BEB-8A43-487AB97029BB}.Release|Any CPU.Build.0 = Release|Any CPU
		{26C292B9-B83E-4F5A-ADBE-CC1F3186A41E}.Debug|Any CPU.ActiveCfg = Debug|Any CPU
		{26C292B9-B83E-4F5A-ADBE-CC1F3186A41E}.Debug|Any CPU.Build.0 = Debug|Any CPU
		{26C292B9-B83E-4F5A-ADBE-CC1F3186A41E}.Release|Any CPU.ActiveCfg = Release|Any CPU
		{26C292B9-B83E-4F5A-ADBE-CC1F3186A41E}.Release|Any CPU.Build.0 = Release|Any CPU
		{9417AB43-0148-4205-8516-1C79F419EC1C}.Debug|Any CPU.ActiveCfg = Debug|Any CPU
		{9417AB43-0148-4205-8516-1C79F419EC1C}.Debug|Any CPU.Build.0 = Debug|Any CPU
		{9417AB43-0148-4205-8516-1C79F419EC1C}.Release|Any CPU.ActiveCfg = Release|Any CPU
		{9417AB43-0148-4205-8516-1C79F419EC1C}.Release|Any CPU.Build.0 = Release|Any CPU
		{9FCC0937-9B87-45CE-9B59-9D067461FAF4}.Debug|Any CPU.ActiveCfg = Debug|Any CPU
		{9FCC0937-9B87-45CE-9B59-9D067461FAF4}.Debug|Any CPU.Build.0 = Debug|Any CPU
		{9FCC0937-9B87-45CE-9B59-9D067461FAF4}.Release|Any CPU.ActiveCfg = Release|Any CPU
		{9FCC0937-9B87-45CE-9B59-9D067461FAF4}.Release|Any CPU.Build.0 = Release|Any CPU
		{6E23E342-B917-407E-9C48-D0545A5004DC}.Debug|Any CPU.ActiveCfg = Debug|Any CPU
		{6E23E342-B917-407E-9C48-D0545A5004DC}.Debug|Any CPU.Build.0 = Debug|Any CPU
		{6E23E342-B917-407E-9C48-D0545A5004DC}.Release|Any CPU.ActiveCfg = Release|Any CPU
		{6E23E342-B917-407E-9C48-D0545A5004DC}.Release|Any CPU.Build.0 = Release|Any CPU
		{D8C1CE19-0AD6-408B-B500-E02CF126A392}.Debug|Any CPU.ActiveCfg = Debug|Any CPU
		{D8C1CE19-0AD6-408B-B500-E02CF126A392}.Debug|Any CPU.Build.0 = Debug|Any CPU
		{D8C1CE19-0AD6-408B-B500-E02CF126A392}.Release|Any CPU.ActiveCfg = Release|Any CPU
		{D8C1CE19-0AD6-408B-B500-E02CF126A392}.Release|Any CPU.Build.0 = Release|Any CPU
		{2F801F5E-7CDE-4853-8F6C-C5C3710B333C}.Debug|Any CPU.ActiveCfg = Debug|Any CPU
		{2F801F5E-7CDE-4853-8F6C-C5C3710B333C}.Debug|Any CPU.Build.0 = Debug|Any CPU
		{2F801F5E-7CDE-4853-8F6C-C5C3710B333C}.Release|Any CPU.ActiveCfg = Release|Any CPU
		{2F801F5E-7CDE-4853-8F6C-C5C3710B333C}.Release|Any CPU.Build.0 = Release|Any CPU
		{D43DDB88-EC01-43EC-8468-DA706A9BA120}.Debug|Any CPU.ActiveCfg = Debug|Any CPU
		{D43DDB88-EC01-43EC-8468-DA706A9BA120}.Debug|Any CPU.Build.0 = Debug|Any CPU
		{D43DDB88-EC01-43EC-8468-DA706A9BA120}.Release|Any CPU.ActiveCfg = Release|Any CPU
		{D43DDB88-EC01-43EC-8468-DA706A9BA120}.Release|Any CPU.Build.0 = Release|Any CPU
	EndGlobalSection
	GlobalSection(SolutionProperties) = preSolution
		HideSolutionNode = FALSE
	EndGlobalSection
	GlobalSection(NestedProjects) = preSolution
		{F24A360D-9C95-4A32-8017-D6AA5047A2B1} = {30850E6A-794D-4B2D-9B0C-3E88EDCBE887}
	EndGlobalSection
	GlobalSection(ExtensibilityGlobals) = postSolution
		SolutionGuid = {F313D4C3-7772-4EAC-A2E2-31F1DC7EFD9F}
	EndGlobalSection
EndGlobal
